PODS:
  - bitalino (1.0.0):
    - Flutter
  - Flutter (1.0.0)

DEPENDENCIES:
  - bitalino (from `.symlinks/plugins/bitalino/ios`)
  - Flutter (from `Flutter`)

EXTERNAL SOURCES:
  bitalino:
    :path: ".symlinks/plugins/bitalino/ios"
  Flutter:
    :path: Flutter

SPEC CHECKSUMS:
  bitalino: 4debc9271314ead05fe5429eb934d53b89429a68
  Flutter: 0e3d915762c693b495b44d77113d4970485de6ec

PODFILE CHECKSUM: 8e679eca47255a8ca8067c4c67aab20e64cb974d

COCOAPODS: 1.9.3
